schema: '2.0'
stages:
  data_collection:
    cmd: python src/data/data_collection.py
    deps:
    - path: data/external/water_potability.csv
      hash: md5
      md5: a5eeae83d792e40da6c2f9e1eab945fc
      size: 525187
    - path: src/data/data_collection.py
      hash: md5
      md5: 28736dbb987e8cde7950c21d262ffdbd
      size: 4286
    params:
      params.yaml:
        data_collection.random_state: 42
        data_collection.test_size: 0.4
    outs:
    - path: data/raw
      hash: md5
      md5: 579f5c01b0f043d2adeec47dbb4dd6ac.dir
      size: 520443
      nfiles: 2
  pre_processing:
    cmd: python src/data/data_prep.py
    deps:
    - path: data/raw
      hash: md5
      md5: 579f5c01b0f043d2adeec47dbb4dd6ac.dir
      size: 520443
      nfiles: 2
    - path: src/data/data_prep.py
      hash: md5
      md5: a8aedbca687a2b721c5dd124a070161c
      size: 2160
    outs:
    - path: data/processed
      hash: md5
      md5: a8d4beb19b412e00221be3e19ea04794.dir
      size: 544721
      nfiles: 2
  model_building:
    cmd: python src/models/model_building.py
    deps:
    - path: data/processed
      hash: md5
      md5: a8d4beb19b412e00221be3e19ea04794.dir
      size: 544721
      nfiles: 2
    - path: src/models/model_building.py
      hash: md5
      md5: 9ea35236b9c5ab72b470479b110d2099
      size: 3298
    params:
      params.yaml:
        model_building.n_estimators: 1000
    outs:
    - path: models/model.pkl
      hash: md5
      md5: b1580bc3673cb085bc5b81bcce8a6b68
      size: 56063129
  model_eval:
    cmd: python src/models/model_eval.py
    deps:
    - path: data/processed/test_processed_median.csv
      hash: md5
      md5: cb0da35802eb6b011e82eb5c787cf32d
      size: 218027
    - path: models/model.pkl
      hash: md5
      md5: b1580bc3673cb085bc5b81bcce8a6b68
      size: 56063129
    - path: src/models/model_eval.py
      hash: md5
      md5: 570ac3355d473fcdc59e86277d73e0c3
      size: 4023
    outs:
    - path: reports/metrics.json
      hash: md5
      md5: b8acca0f6cfb25fd4e96fd74eaebd757
      size: 144
